// !$*UTF8*$!
{
	archiveVersion = 1;
	classes = {
	};
	objectVersion = 50;
	objects = {

/* Begin PBXBuildFile section */
		A4836BF82427822800A6979B /* AppDelegate.swift in Sources */ = {isa = PBXBuildFile; fileRef = A4836BF72427822800A6979B /* AppDelegate.swift */; };
		A4836BFA2427822800A6979B /* ViewController.swift in Sources */ = {isa = PBXBuildFile; fileRef = A4836BF92427822800A6979B /* ViewController.swift */; };
		A4836BFF2427822800A6979B /* Main.storyboard in Resources */ = {isa = PBXBuildFile; fileRef = A4836BFD2427822800A6979B /* Main.storyboard */; };
		A4836C012427822800A6979B /* Assets.xcassets in Resources */ = {isa = PBXBuildFile; fileRef = A4836C002427822800A6979B /* Assets.xcassets */; };
		A4836C042427822800A6979B /* LaunchScreen.storyboard in Resources */ = {isa = PBXBuildFile; fileRef = A4836C022427822800A6979B /* LaunchScreen.storyboard */; };
		A4836C0C242786E000A6979B /* RoundedLabel.swift in Sources */ = {isa = PBXBuildFile; fileRef = A4836C0B242786E000A6979B /* RoundedLabel.swift */; };
		A4836C102427933500A6979B /* toy.usdz in Resources */ = {isa = PBXBuildFile; fileRef = A4836C0F2427933500A6979B /* toy.usdz */; };
/* End PBXBuildFile section */

/* Begin PBXFileReference section */
		A4836BF42427822800A6979B /* 人物遮挡.app */ = {isa = PBXFileReference; explicitFileType = wrapper.application; includeInIndex = 0; path = "人物遮挡.app"; sourceTree = BUILT_PRODUCTS_DIR; };
		A4836BF72427822800A6979B /* AppDelegate.swift */ = {isa = PBXFileReference; lastKnownFileType = sourcecode.swift; path = AppDelegate.swift; sourceTree = "<group>"; };
		A4836BF92427822800A6979B /* ViewController.swift */ = {isa = PBXFileReference; lastKnownFileType = sourcecode.swift; path = ViewController.swift; sourceTree = "<group>"; };
		A4836BFE2427822800A6979B /* Base */ = {isa = PBXFileReference; lastKnownFileType = file.storyboard; name = Base; path = Base.lproj/Main.storyboard; sourceTree = "<group>"; };
		A4836C002427822800A6979B /* Assets.xcassets */ = {isa = PBXFileReference; lastKnownFileType = folder.assetcatalog; path = Assets.xcassets; sourceTree = "<group>"; };
		A4836C032427822800A6979B /* Base */ = {isa = PBXFileReference; lastKnownFileType = file.storyboard; name = Base; path = Base.lproj/LaunchScreen.storyboard; sourceTree = "<group>"; };
		A4836C052427822800A6979B /* Info.plist */ = {isa = PBXFileReference; lastKnownFileType = text.plist.xml; path = Info.plist; sourceTree = "<group>"; };
		A4836C0B242786E000A6979B /* RoundedLabel.swift */ = {isa = PBXFileReference; lastKnownFileType = sourcecode.swift; path = RoundedLabel.swift; sourceTree = "<group>"; };
		A4836C0F2427933500A6979B /* toy.usdz */ = {isa = PBXFileReference; lastKnownFileType = file.usdz; path = toy.usdz; sourceTree = "<group>"; };
/* End PBXFileReference section */

/* Begin PBXFrameworksBuildPhase section */
		A4836BF12427822800A6979B /* Frameworks */ = {
			isa = PBXFrameworksBuildPhase;
			buildActionMask = 2147483647;
			files = (
			);
			runOnlyForDeploymentPostprocessing = 0;
		};
/* End PBXFrameworksBuildPhase section */

/* Begin PBXGroup section */
		A4836BEB2427822800A6979B = {
			isa = PBXGroup;
			children = (
				A4836BF62427822800A6979B /* PeopleOcclusion */,
				A4836BF52427822800A6979B /* Products */,
			);
			sourceTree = "<group>";
		};
		A4836BF52427822800A6979B /* Products */ = {
			isa = PBXGroup;
			children = (
				A4836BF42427822800A6979B /* 人物遮挡.app */,
			);
			name = Products;
			sourceTree = "<group>";
		};
		A4836BF62427822800A6979B /* PeopleOcclusion */ = {
			isa = PBXGroup;
			children = (
				A4836BF72427822800A6979B /* AppDelegate.swift */,
				A4836C0F2427933500A6979B /* toy.usdz */,
				A4836BF92427822800A6979B /* ViewController.swift */,
				A4836C0B242786E000A6979B /* RoundedLabel.swift */,
				A4836BFD2427822800A6979B /* Main.storyboard */,
				A4836C002427822800A6979B /* Assets.xcassets */,
				A4836C022427822800A6979B /* LaunchScreen.storyboard */,
				A4836C052427822800A6979B /* Info.plist */,
			);
			path = PeopleOcclusion;
			sourceTree = "<group>";
		};
/* End PBXGroup section */

/* Begin PBXNativeTarget section */
		A4836BF32427822800A6979B /* PeopleOcclusion */ = {
			isa = PBXNativeTarget;
			buildConfigurationList = A4836C082427822800A6979B /* Build configuration list for PBXNativeTarget "PeopleOcclusion" */;
			buildPhases = (
				A4836BF02427822800A6979B /* Sources */,
				A4836BF12427822800A6979B /* Frameworks */,
				A4836BF22427822800A6979B /* Resources */,
			);
			buildRules = (
			);
			dependencies = (
			);
			name = PeopleOcclusion;
			productName = PeopleOcclusion;
			productReference = A4836BF42427822800A6979B /* 人物遮挡.app */;
			productType = "com.apple.product-type.application";
		};
/* End PBXNativeTarget section */

/* Begin PBXProject section */
		A4836BEC2427822800A6979B /* Project object */ = {
			isa = PBXProject;
			attributes = {
				LastSwiftUpdateCheck = 1130;
				LastUpgradeCheck = 1130;
				ORGANIZATIONNAME = Lebus;
				TargetAttributes = {
					A4836BF32427822800A6979B = {
						CreatedOnToolsVersion = 11.3.1;
					};
				};
			};
			buildConfigurationList = A4836BEF2427822800A6979B /* Build configuration list for PBXProject "PeopleOcclusion" */;
			compatibilityVersion = "Xcode 9.3";
			developmentRegion = en;
			hasScannedForEncodings = 0;
			knownRegions = (
				en,
				Base,
			);
			mainGroup = A4836BEB2427822800A6979B;
			productRefGroup = A4836BF52427822800A6979B /* Products */;
			projectDirPath = "";
			projectRoot = "";
			targets = (
				A4836BF32427822800A6979B /* PeopleOcclusion */,
			);
		};
/* End PBXProject section */

/* Begin PBXResourcesBuildPhase section */
		A4836BF22427822800A6979B /* Resources */ = {
			isa = PBXResourcesBuildPhase;
			buildActionMask = 2147483647;
			files = (
				A4836C102427933500A6979B /* toy.usdz in Resources */,
				A4836C042427822800A6979B /* LaunchScreen.storyboard in Resources */,
				A4836C012427822800A6979B /* Assets.xcassets in Resources */,
				A4836BFF2427822800A6979B /* Main.storyboard in Resources */,
			);
			runOnlyForDeploymentPostprocessing = 0;
		};
/* End PBXResourcesBuildPhase section */

/* Begin PBXSourcesBuildPhase section */
		A4836BF02427822800A6979B /* Sources */ = {
			isa = PBXSourcesBuildPhase;
			buildActionMask = 2147483647;
			files = (
				A4836BFA2427822800A6979B /* ViewController.swift in Sources */,
				A4836BF82427822800A6979B /* AppDelegate.swift in Sources */,
				A4836C0C242786E000A6979B /* RoundedLabel.swift in Sources */,
			);
			runOnlyForDeploymentPostprocessing = 0;
		};
/* End PBXSourcesBuildPhase section */

/* Begin PBXVariantGroup section */
		A4836BFD2427822800A6979B /* Main.storyboard */ = {
			isa = PBXVariantGroup;
			children = (
				A4836BFE2427822800A6979B /* Base */,
			);
			name = Main.storyboard;
			sourceTree = "<group>";
		};
		A4836C022427822800A6979B /* LaunchScreen.storyboard */ = {
			isa = PBXVariantGroup;
			children = (
				A4836C032427822800A6979B /* Base */,
			);
			name = LaunchScreen.storyboard;
			sourceTree = "<group>";
		};
/* End PBXVariantGroup section */

/* Begin XCBuildConfiguration section */
		A4836C062427822800A6979B /* Debug */ = {
			isa = XCBuildConfiguration;
			buildSettings = {
				ALWAYS_SEARCH_USER_PATHS = NO;
				CLANG_ANALYZER_NONNULL = YES;
				CLANG_ANALYZER_NUMBER_OBJECT_CONVERSION = YES_AGGRESSIVE;
				CLANG_CXX_LANGUAGE_STANDARD = "gnu++14";
				CLANG_CXX_LIBRARY = "libc++";
				CLANG_ENABLE_MODULES = YES;
				CLANG_ENABLE_OBJC_ARC = YES;
				CLANG_ENABLE_OBJC_WEAK = YES;
				CLANG_WARN_BLOCK_CAPTURE_AUTORELEASING = YES;
				CLANG_WARN_BOOL_CONVERSION = YES;
				CLANG_WARN_COMMA = YES;
				CLANG_WARN_CONSTANT_CONVERSION = YES;
				CLANG_WARN_DEPRECATED_OBJC_IMPLEMENTATIONS = YES;
				CLANG_WARN_DIRECT_OBJC_ISA_USAGE = YES_ERROR;
				CLANG_WARN_DOCUMENTATION_COMMENTS = YES;
				CLANG_WARN_EMPTY_BODY = YES;
				CLANG_WARN_ENUM_CONVERSION = YES;
				CLANG_WARN_INFINITE_RECURSION = YES;
				CLANG_WARN_INT_CONVERSION = YES;
				CLANG_WARN_NON_LITERAL_NULL_CONVERSION = YES;
				CLANG_WARN_OBJC_IMPLICIT_RETAIN_SELF = YES;
				CLANG_WARN_OBJC_LITERAL_CONVERSION = YES;
				CLANG_WARN_OBJC_ROOT_CLASS = YES_ERROR;
				CLANG_WARN_RANGE_LOOP_ANALYSIS = YES;
				CLANG_WARN_STRICT_PROTOTYPES = YES;
				CLANG_WARN_SUSPICIOUS_MOVE = YES;
				CLANG_WARN_UNGUARDED_AVAILABILITY = YES_AGGRESSIVE;
				CLANG_WARN_UNREACHABLE_CODE = YES;
				CLANG_WARN__DUPLICATE_METHOD_MATCH = YES;
				COPY_PHASE_STRIP = NO;
				DEBUG_INFORMATION_FORMAT = dwarf;
				ENABLE_STRICT_OBJC_MSGSEND = YES;
				ENABLE_TESTABILITY = YES;
				GCC_C_LANGUAGE_STANDARD = gnu11;
				GCC_DYNAMIC_NO_PIC = NO;
				GCC_NO_COMMON_BLOCKS = YES;
				GCC_OPTIMIZATION_LEVEL = 0;
				GCC_PREPROCESSOR_DEFINITIONS = (
					"DEBUG=1",
					"$(inherited)",
				);
				GCC_WARN_64_TO_32_BIT_CONVERSION = YES;
				GCC_WARN_ABOUT_RETURN_TYPE = YES_ERROR;
				GCC_WARN_UNDECLARED_SELECTOR = YES;
				GCC_WARN_UNINITIALIZED_AUTOS = YES_AGGRESSIVE;
				GCC_WARN_UNUSED_FUNCTION = YES;
				GCC_WARN_UNUSED_VARIABLE = YES;
				IPHONEOS_DEPLOYMENT_TARGET = 13.2;
				MTL_ENABLE_DEBUG_INFO = INCLUDE_SOURCE;
				MTL_FAST_MATH = YES;
				ONLY_ACTIVE_ARCH = YES;
				SDKROOT = iphoneos;
				SWIFT_ACTIVE_COMPILATION_CONDITIONS = DEBUG;
				SWIFT_OPTIMIZATION_LEVEL = "-Onone";
			};
			name = Debug;
		};
		A4836C072427822800A6979B /* Release */ = {
			isa = XCBuildConfiguration;
			buildSettings = {
				ALWAYS_SEARCH_USER_PATHS = NO;
				CLANG_ANALYZER_NONNULL = YES;
				CLANG_ANALYZER_NUMBER_OBJECT_CONVERSION = YES_AGGRESSIVE;
				CLANG_CXX_LANGUAGE_STANDARD = "gnu++14";
				CLANG_CXX_LIBRARY = "libc++";
				CLANG_ENABLE_MODULES = YES;
				CLANG_ENABLE_OBJC_ARC = YES;
				CLANG_ENABLE_OBJC_WEAK = YES;
				CLANG_WARN_BLOCK_CAPTURE_AUTORELEASING = YES;
				CLANG_WARN_BOOL_CONVERSION = YES;
				CLANG_WARN_COMMA = YES;
				CLANG_WARN_CONSTANT_CONVERSION = YES;
				CLANG_WARN_DEPRECATED_OBJC_IMPLEMENTATIONS = YES;
				CLANG_WARN_DIRECT_OBJC_ISA_USAGE = YES_ERROR;
				CLANG_WARN_DOCUMENTATION_COMMENTS = YES;
				CLANG_WARN_EMPTY_BODY = YES;
				CLANG_WARN_ENUM_CONVERSION = YES;
				CLANG_WARN_INFINITE_RECURSION = YES;
				CLANG_WARN_INT_CONVERSION = YES;
				CLANG_WARN_NON_LITERAL_NULL_CONVERSION = YES;
				CLANG_WARN_OBJC_IMPLICIT_RETAIN_SELF = YES;
				CLANG_WARN_OBJC_LITERAL_CONVERSION = YES;
				CLANG_WARN_OBJC_ROOT_CLASS = YES_ERROR;
				CLANG_WARN_RANGE_LOOP_ANALYSIS = YES;
				CLANG_WARN_STRICT_PROTOTYPES = YES;
				CLANG_WARN_SUSPICIOUS_MOVE = YES;
				CLANG_WARN_UNGUARDED_AVAILABILITY = YES_AGGRESSIVE;
				CLANG_WARN_UNREACHABLE_CODE = YES;
				CLANG_WARN__DUPLICATE_METHOD_MATCH = YES;
				COPY_PHASE_STRIP = NO;
				DEBUG_INFORMATION_FORMAT = "dwarf-with-dsym";
				ENABLE_NS_ASSERTIONS = NO;
				ENABLE_STRICT_OBJC_MSGSEND = YES;
				GCC_C_LANGUAGE_STANDARD = gnu11;
				GCC_NO_COMMON_BLOCKS = YES;
				GCC_WARN_64_TO_32_BIT_CONVERSION = YES;
				GCC_WARN_ABOUT_RETURN_TYPE = YES_ERROR;
				GCC_WARN_UNDECLARED_SELECTOR = YES;
				GCC_WARN_UNINITIALIZED_AUTOS = YES_AGGRESSIVE;
				GCC_WARN_UNUSED_FUNCTION = YES;
				GCC_WARN_UNUSED_VARIABLE = YES;
				IPHONEOS_DEPLOYMENT_TARGET = 13.2;
				MTL_ENABLE_DEBUG_INFO = NO;
				MTL_FAST_MATH = YES;
				SDKROOT = iphoneos;
				SWIFT_COMPILATION_MODE = wholemodule;
				SWIFT_OPTIMIZATION_LEVEL = "-O";
				VALIDATE_PRODUCT = YES;
			};
			name = Release;
		};
		A4836C092427822800A6979B /* Debug */ = {
			isa = XCBuildConfiguration;
			buildSettings = {
				ASSETCATALOG_COMPILER_APPICON_NAME = AppIcon;
				CODE_SIGN_STYLE = Automatic;
				DEVELOPMENT_TEAM = NR39766BYK;
				INFOPLIST_FILE = PeopleOcclusion/Info.plist;
				LD_RUNPATH_SEARCH_PATHS = (
					"$(inherited)",
					"@executable_path/Frameworks",
				);
				PRODUCT_BUNDLE_IDENTIFIER = com.rongcosme.PeopleOcclusion;
				PRODUCT_NAME = "人物遮挡";
				SWIFT_VERSION = 5.0;
				TARGETED_DEVICE_FAMILY = "1,2";
			};
			name = Debug;
		};
		A4836C0A2427822800A6979B /* Release */ = {
			isa = XCBuildConfiguration;
			buildSettings = {
				ASSETCATALOG_COMPILER_APPICON_NAME = AppIcon;
				CODE_SIGN_STYLE = Automatic;
				DEVELOPMENT_TEAM = NR39766BYK;
				INFOPLIST_FILE = PeopleOcclusion/Info.plist;
				LD_RUNPATH_SEARCH_PATHS = (
					"$(inherited)",
					"@executable_path/Frameworks",
				);
				PRODUCT_BUNDLE_IDENTIFIER = com.rongcosme.PeopleOcclusion;
				PRODUCT_NAME = "人物遮挡";
				SWIFT_VERSION = 5.0;
				TARGETED_DEVICE_FAMILY = "1,2";
			};
			name = Release;
		};
/* End XCBuildConfiguration section */

/* Begin XCConfigurationList section */
		A4836BEF2427822800A6979B /* Build configuration list for PBXProject "PeopleOcclusion" */ = {
			isa = XCConfigurationList;
			buildConfigurations = (
				A4836C062427822800A6979B /* Debug */,
				A4836C072427822800A6979B /* Release */,
			);
			defaultConfigurationIsVisible = 0;
			defaultConfigurationName = Release;
		};
		A4836C082427822800A6979B /* Build configuration list for PBXNativeTarget "PeopleOcclusion" */ = {
			isa = XCConfigurationList;
			buildConfigurations = (
				A4836C092427822800A6979B /* Debug */,
				A4836C0A2427822800A6979B /* Release */,
			);
			defaultConfigurationIsVisible = 0;
			defaultConfigurationName = Release;
		};
/* End XCConfigurationList section */
	};
	rootObject = A4836BEC2427822800A6979B /* Project object */;
}
