// !$*UTF8*$!
{
	archiveVersion = 1;
	classes = {
	};
	objectVersion = 77;
	objects = {

/* Begin PBXBuildFile section */
		32068EBB2EBEFCAD00A6991E /* README.md in Resources */ = {isa = PBXBuildFile; fileRef = 32068EBA2EBEFCAD00A6991E /* README.md */; };
		3297111A2EF8E5D800D35F1F /* openssl_wrapper.m in Sources */ = {isa = PBXBuildFile; fileRef = 329711152EF8E5D800D35F1F /* openssl_wrapper.m */; };
		3297111B2EF8E5D800D35F1F /* APRSASigner.m in Sources */ = {isa = PBXBuildFile; fileRef = 329711132EF8E5D800D35F1F /* APRSASigner.m */; };
		3297111C2EF8E5D800D35F1F /* libssl.a in Frameworks */ = {isa = PBXBuildFile; fileRef = 329711182EF8E5D800D35F1F /* libssl.a */; };
		3297111D2EF8E5D800D35F1F /* libcrypto.a in Frameworks */ = {isa = PBXBuildFile; fileRef = 329711172EF8E5D800D35F1F /* libcrypto.a */; };
		4839548595077F525B7E347B /* Pods_LittlePink.framework in Frameworks */ = {isa = PBXBuildFile; fileRef = 2934B38F1ACAD735068B5220 /* Pods_LittlePink.framework */; };
/* End PBXBuildFile section */

/* Begin PBXFileReference section */
		2934B38F1ACAD735068B5220 /* Pods_LittlePink.framework */ = {isa = PBXFileReference; explicitFileType = wrapper.framework; includeInIndex = 0; path = Pods_LittlePink.framework; sourceTree = BUILT_PRODUCTS_DIR; };
		32068EBA2EBEFCAD00A6991E /* README.md */ = {isa = PBXFileReference; lastKnownFileType = net.daringfireball.markdown; path = README.md; sourceTree = "<group>"; };
		326179C02EB5A3E6008F0087 /* LittlePink.app */ = {isa = PBXFileReference; explicitFileType = wrapper.application; includeInIndex = 0; path = LittlePink.app; sourceTree = BUILT_PRODUCTS_DIR; };
		329710C62EF8E5D800D35F1F /* aes.h */ = {isa = PBXFileReference; lastKnownFileType = sourcecode.c.h; path = aes.h; sourceTree = "<group>"; };
		329710C72EF8E5D800D35F1F /* asn1.h */ = {isa = PBXFileReference; lastKnownFileType = sourcecode.c.h; path = asn1.h; sourceTree = "<group>"; };
		329710C82EF8E5D800D35F1F /* asn1_mac.h */ = {isa = PBXFileReference; lastKnownFileType = sourcecode.c.h; path = asn1_mac.h; sourceTree = "<group>"; };
		329710C92EF8E5D800D35F1F /* asn1t.h */ = {isa = PBXFileReference; lastKnownFileType = sourcecode.c.h; path = asn1t.h; sourceTree = "<group>"; };
		329710CA2EF8E5D800D35F1F /* bio.h */ = {isa = PBXFileReference; lastKnownFileType = sourcecode.c.h; path = bio.h; sourceTree = "<group>"; };
		329710CB2EF8E5D800D35F1F /* blowfish.h */ = {isa = PBXFileReference; lastKnownFileType = sourcecode.c.h; path = blowfish.h; sourceTree = "<group>"; };
		329710CC2EF8E5D800D35F1F /* bn.h */ = {isa = PBXFileReference; lastKnownFileType = sourcecode.c.h; path = bn.h; sourceTree = "<group>"; };
		329710CD2EF8E5D800D35F1F /* buffer.h */ = {isa = PBXFileReference; lastKnownFileType = sourcecode.c.h; path = buffer.h; sourceTree = "<group>"; };
		329710CE2EF8E5D800D35F1F /* camellia.h */ = {isa = PBXFileReference; lastKnownFileType = sourcecode.c.h; path = camellia.h; sourceTree = "<group>"; };
		329710CF2EF8E5D800D35F1F /* cast.h */ = {isa = PBXFileReference; lastKnownFileType = sourcecode.c.h; path = cast.h; sourceTree = "<group>"; };
		329710D02EF8E5D800D35F1F /* cmac.h */ = {isa = PBXFileReference; lastKnownFileType = sourcecode.c.h; path = cmac.h; sourceTree = "<group>"; };
		329710D12EF8E5D800D35F1F /* cms.h */ = {isa = PBXFileReference; lastKnownFileType = sourcecode.c.h; path = cms.h; sourceTree = "<group>"; };
		329710D22EF8E5D800D35F1F /* comp.h */ = {isa = PBXFileReference; lastKnownFileType = sourcecode.c.h; path = comp.h; sourceTree = "<group>"; };
		329710D32EF8E5D800D35F1F /* conf.h */ = {isa = PBXFileReference; lastKnownFileType = sourcecode.c.h; path = conf.h; sourceTree = "<group>"; };
		329710D42EF8E5D800D35F1F /* conf_api.h */ = {isa = PBXFileReference; lastKnownFileType = sourcecode.c.h; path = conf_api.h; sourceTree = "<group>"; };
		329710D52EF8E5D800D35F1F /* crypto.h */ = {isa = PBXFileReference; lastKnownFileType = sourcecode.c.h; path = crypto.h; sourceTree = "<group>"; };
		329710D62EF8E5D800D35F1F /* des.h */ = {isa = PBXFileReference; lastKnownFileType = sourcecode.c.h; path = des.h; sourceTree = "<group>"; };
		329710D72EF8E5D800D35F1F /* des_old.h */ = {isa = PBXFileReference; lastKnownFileType = sourcecode.c.h; path = des_old.h; sourceTree = "<group>"; };
		329710D82EF8E5D800D35F1F /* dh.h */ = {isa = PBXFileReference; lastKnownFileType = sourcecode.c.h; path = dh.h; sourceTree = "<group>"; };
		329710D92EF8E5D800D35F1F /* dsa.h */ = {isa = PBXFileReference; lastKnownFileType = sourcecode.c.h; path = dsa.h; sourceTree = "<group>"; };
		329710DA2EF8E5D800D35F1F /* dso.h */ = {isa = PBXFileReference; lastKnownFileType = sourcecode.c.h; path = dso.h; sourceTree = "<group>"; };
		329710DB2EF8E5D800D35F1F /* dtls1.h */ = {isa = PBXFileReference; lastKnownFileType = sourcecode.c.h; path = dtls1.h; sourceTree = "<group>"; };
		329710DC2EF8E5D800D35F1F /* e_os2.h */ = {isa = PBXFileReference; lastKnownFileType = sourcecode.c.h; path = e_os2.h; sourceTree = "<group>"; };
		329710DD2EF8E5D800D35F1F /* ebcdic.h */ = {isa = PBXFileReference; lastKnownFileType = sourcecode.c.h; path = ebcdic.h; sourceTree = "<group>"; };
		329710DE2EF8E5D800D35F1F /* ec.h */ = {isa = PBXFileReference; lastKnownFileType = sourcecode.c.h; path = ec.h; sourceTree = "<group>"; };
		329710DF2EF8E5D800D35F1F /* ecdh.h */ = {isa = PBXFileReference; lastKnownFileType = sourcecode.c.h; path = ecdh.h; sourceTree = "<group>"; };
		329710E02EF8E5D800D35F1F /* ecdsa.h */ = {isa = PBXFileReference; lastKnownFileType = sourcecode.c.h; path = ecdsa.h; sourceTree = "<group>"; };
		329710E12EF8E5D800D35F1F /* engine.h */ = {isa = PBXFileReference; lastKnownFileType = sourcecode.c.h; path = engine.h; sourceTree = "<group>"; };
		329710E22EF8E5D800D35F1F /* err.h */ = {isa = PBXFileReference; lastKnownFileType = sourcecode.c.h; path = err.h; sourceTree = "<group>"; };
		329710E32EF8E5D800D35F1F /* evp.h */ = {isa = PBXFileReference; lastKnownFileType = sourcecode.c.h; path = evp.h; sourceTree = "<group>"; };
		329710E42EF8E5D800D35F1F /* hmac.h */ = {isa = PBXFileReference; lastKnownFileType = sourcecode.c.h; path = hmac.h; sourceTree = "<group>"; };
		329710E52EF8E5D800D35F1F /* idea.h */ = {isa = PBXFileReference; lastKnownFileType = sourcecode.c.h; path = idea.h; sourceTree = "<group>"; };
		329710E62EF8E5D800D35F1F /* krb5_asn.h */ = {isa = PBXFileReference; lastKnownFileType = sourcecode.c.h; path = krb5_asn.h; sourceTree = "<group>"; };
		329710E72EF8E5D800D35F1F /* kssl.h */ = {isa = PBXFileReference; lastKnownFileType = sourcecode.c.h; path = kssl.h; sourceTree = "<group>"; };
		329710E82EF8E5D800D35F1F /* lhash.h */ = {isa = PBXFileReference; lastKnownFileType = sourcecode.c.h; path = lhash.h; sourceTree = "<group>"; };
		329710E92EF8E5D800D35F1F /* md4.h */ = {isa = PBXFileReference; lastKnownFileType = sourcecode.c.h; path = md4.h; sourceTree = "<group>"; };
		329710EA2EF8E5D800D35F1F /* md5.h */ = {isa = PBXFileReference; lastKnownFileType = sourcecode.c.h; path = md5.h; sourceTree = "<group>"; };
		329710EB2EF8E5D800D35F1F /* mdc2.h */ = {isa = PBXFileReference; lastKnownFileType = sourcecode.c.h; path = mdc2.h; sourceTree = "<group>"; };
		329710EC2EF8E5D800D35F1F /* modes.h */ = {isa = PBXFileReference; lastKnownFileType = sourcecode.c.h; path = modes.h; sourceTree = "<group>"; };
		329710ED2EF8E5D800D35F1F /* obj_mac.h */ = {isa = PBXFileReference; lastKnownFileType = sourcecode.c.h; path = obj_mac.h; sourceTree = "<group>"; };
		329710EE2EF8E5D800D35F1F /* objects.h */ = {isa = PBXFileReference; lastKnownFileType = sourcecode.c.h; path = objects.h; sourceTree = "<group>"; };
		329710EF2EF8E5D800D35F1F /* ocsp.h */ = {isa = PBXFileReference; lastKnownFileType = sourcecode.c.h; path = ocsp.h; sourceTree = "<group>"; };
		329710F02EF8E5D800D35F1F /* opensslconf.h */ = {isa = PBXFileReference; lastKnownFileType = sourcecode.c.h; path = opensslconf.h; sourceTree = "<group>"; };
		329710F12EF8E5D800D35F1F /* opensslv.h */ = {isa = PBXFileReference; lastKnownFileType = sourcecode.c.h; path = opensslv.h; sourceTree = "<group>"; };
		329710F22EF8E5D800D35F1F /* ossl_typ.h */ = {isa = PBXFileReference; lastKnownFileType = sourcecode.c.h; path = ossl_typ.h; sourceTree = "<group>"; };
		329710F32EF8E5D800D35F1F /* pem.h */ = {isa = PBXFileReference; lastKnownFileType = sourcecode.c.h; path = pem.h; sourceTree = "<group>"; };
		329710F42EF8E5D800D35F1F /* pem2.h */ = {isa = PBXFileReference; lastKnownFileType = sourcecode.c.h; path = pem2.h; sourceTree = "<group>"; };
		329710F52EF8E5D800D35F1F /* pkcs7.h */ = {isa = PBXFileReference; lastKnownFileType = sourcecode.c.h; path = pkcs7.h; sourceTree = "<group>"; };
		329710F62EF8E5D800D35F1F /* pkcs12.h */ = {isa = PBXFileReference; lastKnownFileType = sourcecode.c.h; path = pkcs12.h; sourceTree = "<group>"; };
		329710F72EF8E5D800D35F1F /* pqueue.h */ = {isa = PBXFileReference; lastKnownFileType = sourcecode.c.h; path = pqueue.h; sourceTree = "<group>"; };
		329710F82EF8E5D800D35F1F /* rand.h */ = {isa = PBXFileReference; lastKnownFileType = sourcecode.c.h; path = rand.h; sourceTree = "<group>"; };
		329710F92EF8E5D800D35F1F /* rc2.h */ = {isa = PBXFileReference; lastKnownFileType = sourcecode.c.h; path = rc2.h; sourceTree = "<group>"; };
		329710FA2EF8E5D800D35F1F /* rc4.h */ = {isa = PBXFileReference; lastKnownFileType = sourcecode.c.h; path = rc4.h; sourceTree = "<group>"; };
		329710FB2EF8E5D800D35F1F /* ripemd.h */ = {isa = PBXFileReference; lastKnownFileType = sourcecode.c.h; path = ripemd.h; sourceTree = "<group>"; };
		329710FC2EF8E5D800D35F1F /* rsa.h */ = {isa = PBXFileReference; lastKnownFileType = sourcecode.c.h; path = rsa.h; sourceTree = "<group>"; };
		329710FD2EF8E5D800D35F1F /* safestack.h */ = {isa = PBXFileReference; lastKnownFileType = sourcecode.c.h; path = safestack.h; sourceTree = "<group>"; };
		329710FE2EF8E5D800D35F1F /* seed.h */ = {isa = PBXFileReference; lastKnownFileType = sourcecode.c.h; path = seed.h; sourceTree = "<group>"; };
		329710FF2EF8E5D800D35F1F /* sha.h */ = {isa = PBXFileReference; lastKnownFileType = sourcecode.c.h; path = sha.h; sourceTree = "<group>"; };
		329711002EF8E5D800D35F1F /* srp.h */ = {isa = PBXFileReference; lastKnownFileType = sourcecode.c.h; path = srp.h; sourceTree = "<group>"; };
		329711012EF8E5D800D35F1F /* srtp.h */ = {isa = PBXFileReference; lastKnownFileType = sourcecode.c.h; path = srtp.h; sourceTree = "<group>"; };
		329711022EF8E5D800D35F1F /* ssl.h */ = {isa = PBXFileReference; lastKnownFileType = sourcecode.c.h; path = ssl.h; sourceTree = "<group>"; };
		329711032EF8E5D800D35F1F /* ssl2.h */ = {isa = PBXFileReference; lastKnownFileType = sourcecode.c.h; path = ssl2.h; sourceTree = "<group>"; };
		329711042EF8E5D800D35F1F /* ssl3.h */ = {isa = PBXFileReference; lastKnownFileType = sourcecode.c.h; path = ssl3.h; sourceTree = "<group>"; };
		329711052EF8E5D800D35F1F /* ssl23.h */ = {isa = PBXFileReference; lastKnownFileType = sourcecode.c.h; path = ssl23.h; sourceTree = "<group>"; };
		329711062EF8E5D800D35F1F /* stack.h */ = {isa = PBXFileReference; lastKnownFileType = sourcecode.c.h; path = stack.h; sourceTree = "<group>"; };
		329711072EF8E5D800D35F1F /* symhacks.h */ = {isa = PBXFileReference; lastKnownFileType = sourcecode.c.h; path = symhacks.h; sourceTree = "<group>"; };
		329711082EF8E5D800D35F1F /* tls1.h */ = {isa = PBXFileReference; lastKnownFileType = sourcecode.c.h; path = tls1.h; sourceTree = "<group>"; };
		329711092EF8E5D800D35F1F /* ts.h */ = {isa = PBXFileReference; lastKnownFileType = sourcecode.c.h; path = ts.h; sourceTree = "<group>"; };
		3297110A2EF8E5D800D35F1F /* txt_db.h */ = {isa = PBXFileReference; lastKnownFileType = sourcecode.c.h; path = txt_db.h; sourceTree = "<group>"; };
		3297110B2EF8E5D800D35F1F /* ui.h */ = {isa = PBXFileReference; lastKnownFileType = sourcecode.c.h; path = ui.h; sourceTree = "<group>"; };
		3297110C2EF8E5D800D35F1F /* ui_compat.h */ = {isa = PBXFileReference; lastKnownFileType = sourcecode.c.h; path = ui_compat.h; sourceTree = "<group>"; };
		3297110D2EF8E5D800D35F1F /* whrlpool.h */ = {isa = PBXFileReference; lastKnownFileType = sourcecode.c.h; path = whrlpool.h; sourceTree = "<group>"; };
		3297110E2EF8E5D800D35F1F /* x509.h */ = {isa = PBXFileReference; lastKnownFileType = sourcecode.c.h; path = x509.h; sourceTree = "<group>"; };
		3297110F2EF8E5D800D35F1F /* x509_vfy.h */ = {isa = PBXFileReference; lastKnownFileType = sourcecode.c.h; path = x509_vfy.h; sourceTree = "<group>"; };
		329711102EF8E5D800D35F1F /* x509v3.h */ = {isa = PBXFileReference; lastKnownFileType = sourcecode.c.h; path = x509v3.h; sourceTree = "<group>"; };
		329711122EF8E5D800D35F1F /* APRSASigner.h */ = {isa = PBXFileReference; lastKnownFileType = sourcecode.c.h; path = APRSASigner.h; sourceTree = "<group>"; };
		329711132EF8E5D800D35F1F /* APRSASigner.m */ = {isa = PBXFileReference; lastKnownFileType = sourcecode.c.objc; path = APRSASigner.m; sourceTree = "<group>"; };
		329711142EF8E5D800D35F1F /* openssl_wrapper.h */ = {isa = PBXFileReference; lastKnownFileType = sourcecode.c.h; path = openssl_wrapper.h; sourceTree = "<group>"; };
		329711152EF8E5D800D35F1F /* openssl_wrapper.m */ = {isa = PBXFileReference; lastKnownFileType = sourcecode.c.objc; path = openssl_wrapper.m; sourceTree = "<group>"; };
		329711172EF8E5D800D35F1F /* libcrypto.a */ = {isa = PBXFileReference; lastKnownFileType = archive.ar; path = libcrypto.a; sourceTree = "<group>"; };
		329711182EF8E5D800D35F1F /* libssl.a */ = {isa = PBXFileReference; lastKnownFileType = archive.ar; path = libssl.a; sourceTree = "<group>"; };
		34569038B45E57EF91B7F128 /* Pods-LittlePink.debug.xcconfig */ = {isa = PBXFileReference; includeInIndex = 1; lastKnownFileType = text.xcconfig; name = "Pods-LittlePink.debug.xcconfig"; path = "Target Support Files/Pods-LittlePink/Pods-LittlePink.debug.xcconfig"; sourceTree = "<group>"; };
		3B6D714F56D1CD23B3A8ED0A /* Pods-LittlePink.release.xcconfig */ = {isa = PBXFileReference; includeInIndex = 1; lastKnownFileType = text.xcconfig; name = "Pods-LittlePink.release.xcconfig"; path = "Target Support Files/Pods-LittlePink/Pods-LittlePink.release.xcconfig"; sourceTree = "<group>"; };
/* End PBXFileReference section */

/* Begin PBXFileSystemSynchronizedBuildFileExceptionSet section */
		326179D52EB5A3E7008F0087 /* Exceptions for "LittlePink" folder in "LittlePink" target */ = {
			isa = PBXFileSystemSynchronizedBuildFileExceptionSet;
			membershipExceptions = (
				Info.plist,
			);
			target = 326179BF2EB5A3E6008F0087 /* LittlePink */;
		};
/* End PBXFileSystemSynchronizedBuildFileExceptionSet section */

/* Begin PBXFileSystemSynchronizedRootGroup section */
		326179C22EB5A3E6008F0087 /* LittlePink */ = {
			isa = PBXFileSystemSynchronizedRootGroup;
			exceptions = (
				326179D52EB5A3E7008F0087 /* Exceptions for "LittlePink" folder in "LittlePink" target */,
			);
			path = LittlePink;
			sourceTree = "<group>";
		};
/* End PBXFileSystemSynchronizedRootGroup section */

/* Begin PBXFrameworksBuildPhase section */
		326179BD2EB5A3E6008F0087 /* Frameworks */ = {
			isa = PBXFrameworksBuildPhase;
			buildActionMask = 2147483647;
			files = (
				3297111C2EF8E5D800D35F1F /* libssl.a in Frameworks */,
				3297111D2EF8E5D800D35F1F /* libcrypto.a in Frameworks */,
				4839548595077F525B7E347B /* Pods_LittlePink.framework in Frameworks */,
			);
			runOnlyForDeploymentPostprocessing = 0;
		};
/* End PBXFrameworksBuildPhase section */

/* Begin PBXGroup section */
		326179B72EB5A3E6008F0087 = {
			isa = PBXGroup;
			children = (
				32068EBA2EBEFCAD00A6991E /* README.md */,
				329711192EF8E5D800D35F1F /* AliSDKDemo */,
				326179C22EB5A3E6008F0087 /* LittlePink */,
				AB68B43D4E8165BD4416B466 /* Frameworks */,
				4C99A82CC2FFA90D24DE7C7A /* Pods */,
				326179C12EB5A3E6008F0087 /* Products */,
			);
			sourceTree = "<group>";
		};
		326179C12EB5A3E6008F0087 /* Products */ = {
			isa = PBXGroup;
			children = (
				326179C02EB5A3E6008F0087 /* LittlePink.app */,
			);
			name = Products;
			sourceTree = "<group>";
		};
		329711112EF8E5D800D35F1F /* openssl */ = {
			isa = PBXGroup;
			children = (
				329710C62EF8E5D800D35F1F /* aes.h */,
				329710C72EF8E5D800D35F1F /* asn1.h */,
				329710C82EF8E5D800D35F1F /* asn1_mac.h */,
				329710C92EF8E5D800D35F1F /* asn1t.h */,
				329710CA2EF8E5D800D35F1F /* bio.h */,
				329710CB2EF8E5D800D35F1F /* blowfish.h */,
				329710CC2EF8E5D800D35F1F /* bn.h */,
				329710CD2EF8E5D800D35F1F /* buffer.h */,
				329710CE2EF8E5D800D35F1F /* camellia.h */,
				329710CF2EF8E5D800D35F1F /* cast.h */,
				329710D02EF8E5D800D35F1F /* cmac.h */,
				329710D12EF8E5D800D35F1F /* cms.h */,
				329710D22EF8E5D800D35F1F /* comp.h */,
				329710D32EF8E5D800D35F1F /* conf.h */,
				329710D42EF8E5D800D35F1F /* conf_api.h */,
				329710D52EF8E5D800D35F1F /* crypto.h */,
				329710D62EF8E5D800D35F1F /* des.h */,
				329710D72EF8E5D800D35F1F /* des_old.h */,
				329710D82EF8E5D800D35F1F /* dh.h */,
				329710D92EF8E5D800D35F1F /* dsa.h */,
				329710DA2EF8E5D800D35F1F /* dso.h */,
				329710DB2EF8E5D800D35F1F /* dtls1.h */,
				329710DC2EF8E5D800D35F1F /* e_os2.h */,
				329710DD2EF8E5D800D35F1F /* ebcdic.h */,
				329710DE2EF8E5D800D35F1F /* ec.h */,
				329710DF2EF8E5D800D35F1F /* ecdh.h */,
				329710E02EF8E5D800D35F1F /* ecdsa.h */,
				329710E12EF8E5D800D35F1F /* engine.h */,
				329710E22EF8E5D800D35F1F /* err.h */,
				329710E32EF8E5D800D35F1F /* evp.h */,
				329710E42EF8E5D800D35F1F /* hmac.h */,
				329710E52EF8E5D800D35F1F /* idea.h */,
				329710E62EF8E5D800D35F1F /* krb5_asn.h */,
				329710E72EF8E5D800D35F1F /* kssl.h */,
				329710E82EF8E5D800D35F1F /* lhash.h */,
				329710E92EF8E5D800D35F1F /* md4.h */,
				329710EA2EF8E5D800D35F1F /* md5.h */,
				329710EB2EF8E5D800D35F1F /* mdc2.h */,
				329710EC2EF8E5D800D35F1F /* modes.h */,
				329710ED2EF8E5D800D35F1F /* obj_mac.h */,
				329710EE2EF8E5D800D35F1F /* objects.h */,
				329710EF2EF8E5D800D35F1F /* ocsp.h */,
				329710F02EF8E5D800D35F1F /* opensslconf.h */,
				329710F12EF8E5D800D35F1F /* opensslv.h */,
				329710F22EF8E5D800D35F1F /* ossl_typ.h */,
				329710F32EF8E5D800D35F1F /* pem.h */,
				329710F42EF8E5D800D35F1F /* pem2.h */,
				329710F52EF8E5D800D35F1F /* pkcs7.h */,
				329710F62EF8E5D800D35F1F /* pkcs12.h */,
				329710F72EF8E5D800D35F1F /* pqueue.h */,
				329710F82EF8E5D800D35F1F /* rand.h */,
				329710F92EF8E5D800D35F1F /* rc2.h */,
				329710FA2EF8E5D800D35F1F /* rc4.h */,
				329710FB2EF8E5D800D35F1F /* ripemd.h */,
				329710FC2EF8E5D800D35F1F /* rsa.h */,
				329710FD2EF8E5D800D35F1F /* safestack.h */,
				329710FE2EF8E5D800D35F1F /* seed.h */,
				329710FF2EF8E5D800D35F1F /* sha.h */,
				329711002EF8E5D800D35F1F /* srp.h */,
				329711012EF8E5D800D35F1F /* srtp.h */,
				329711022EF8E5D800D35F1F /* ssl.h */,
				329711032EF8E5D800D35F1F /* ssl2.h */,
				329711042EF8E5D800D35F1F /* ssl3.h */,
				329711052EF8E5D800D35F1F /* ssl23.h */,
				329711062EF8E5D800D35F1F /* stack.h */,
				329711072EF8E5D800D35F1F /* symhacks.h */,
				329711082EF8E5D800D35F1F /* tls1.h */,
				329711092EF8E5D800D35F1F /* ts.h */,
				3297110A2EF8E5D800D35F1F /* txt_db.h */,
				3297110B2EF8E5D800D35F1F /* ui.h */,
				3297110C2EF8E5D800D35F1F /* ui_compat.h */,
				3297110D2EF8E5D800D35F1F /* whrlpool.h */,
				3297110E2EF8E5D800D35F1F /* x509.h */,
				3297110F2EF8E5D800D35F1F /* x509_vfy.h */,
				329711102EF8E5D800D35F1F /* x509v3.h */,
			);
			path = openssl;
			sourceTree = "<group>";
		};
		329711162EF8E5D800D35F1F /* Utils */ = {
			isa = PBXGroup;
			children = (
				329711122EF8E5D800D35F1F /* APRSASigner.h */,
				329711132EF8E5D800D35F1F /* APRSASigner.m */,
				329711142EF8E5D800D35F1F /* openssl_wrapper.h */,
				329711152EF8E5D800D35F1F /* openssl_wrapper.m */,
			);
			path = Utils;
			sourceTree = "<group>";
		};
		329711192EF8E5D800D35F1F /* AliSDKDemo */ = {
			isa = PBXGroup;
			children = (
				329711112EF8E5D800D35F1F /* openssl */,
				329711162EF8E5D800D35F1F /* Utils */,
				329711172EF8E5D800D35F1F /* libcrypto.a */,
				329711182EF8E5D800D35F1F /* libssl.a */,
			);
			path = AliSDKDemo;
			sourceTree = "<group>";
		};
		4C99A82CC2FFA90D24DE7C7A /* Pods */ = {
			isa = PBXGroup;
			children = (
				34569038B45E57EF91B7F128 /* Pods-LittlePink.debug.xcconfig */,
				3B6D714F56D1CD23B3A8ED0A /* Pods-LittlePink.release.xcconfig */,
			);
			path = Pods;
			sourceTree = "<group>";
		};
		AB68B43D4E8165BD4416B466 /* Frameworks */ = {
			isa = PBXGroup;
			children = (
				2934B38F1ACAD735068B5220 /* Pods_LittlePink.framework */,
			);
			name = Frameworks;
			sourceTree = "<group>";
		};
/* End PBXGroup section */

/* Begin PBXNativeTarget section */
		326179BF2EB5A3E6008F0087 /* LittlePink */ = {
			isa = PBXNativeTarget;
			buildConfigurationList = 326179D62EB5A3E7008F0087 /* Build configuration list for PBXNativeTarget "LittlePink" */;
			buildPhases = (
				8A6BE527C692DD2FF68A4701 /* [CP] Check Pods Manifest.lock */,
				326179BC2EB5A3E6008F0087 /* Sources */,
				326179BD2EB5A3E6008F0087 /* Frameworks */,
				326179BE2EB5A3E6008F0087 /* Resources */,
				69E4F5302386444EF89A4FD5 /* [CP] Embed Pods Frameworks */,
				00A1B56EE4D76CBEE3BC4F97 /* [CP] Copy Pods Resources */,
			);
			buildRules = (
			);
			dependencies = (
			);
			fileSystemSynchronizedGroups = (
				326179C22EB5A3E6008F0087 /* LittlePink */,
			);
			name = LittlePink;
			productName = LittlePink;
			productReference = 326179C02EB5A3E6008F0087 /* LittlePink.app */;
			productType = "com.apple.product-type.application";
		};
/* End PBXNativeTarget section */

/* Begin PBXProject section */
		326179B82EB5A3E6008F0087 /* Project object */ = {
			isa = PBXProject;
			attributes = {
				BuildIndependentTargetsInParallel = 1;
				LastSwiftUpdateCheck = 1620;
				LastUpgradeCheck = 1620;
				TargetAttributes = {
					326179BF2EB5A3E6008F0087 = {
						CreatedOnToolsVersion = 16.2;
					};
				};
			};
			buildConfigurationList = 326179BB2EB5A3E6008F0087 /* Build configuration list for PBXProject "LittlePink" */;
			developmentRegion = en;
			hasScannedForEncodings = 0;
			knownRegions = (
				en,
				Base,
				"zh-Hans",
			);
			mainGroup = 326179B72EB5A3E6008F0087;
			minimizedProjectReferenceProxies = 1;
			preferredProjectObjectVersion = 77;
			productRefGroup = 326179C12EB5A3E6008F0087 /* Products */;
			projectDirPath = "";
			projectRoot = "";
			targets = (
				326179BF2EB5A3E6008F0087 /* LittlePink */,
			);
		};
/* End PBXProject section */

/* Begin PBXResourcesBuildPhase section */
		326179BE2EB5A3E6008F0087 /* Resources */ = {
			isa = PBXResourcesBuildPhase;
			buildActionMask = 2147483647;
			files = (
				32068EBB2EBEFCAD00A6991E /* README.md in Resources */,
			);
			runOnlyForDeploymentPostprocessing = 0;
		};
/* End PBXResourcesBuildPhase section */

/* Begin PBXShellScriptBuildPhase section */
		00A1B56EE4D76CBEE3BC4F97 /* [CP] Copy Pods Resources */ = {
			isa = PBXShellScriptBuildPhase;
			buildActionMask = 2147483647;
			files = (
			);
			inputFileListPaths = (
				"${PODS_ROOT}/Target Support Files/Pods-LittlePink/Pods-LittlePink-resources-${CONFIGURATION}-input-files.xcfilelist",
			);
			name = "[CP] Copy Pods Resources";
			outputFileListPaths = (
				"${PODS_ROOT}/Target Support Files/Pods-LittlePink/Pods-LittlePink-resources-${CONFIGURATION}-output-files.xcfilelist",
			);
			runOnlyForDeploymentPostprocessing = 0;
			shellPath = /bin/sh;
			shellScript = "\"${PODS_ROOT}/Target Support Files/Pods-LittlePink/Pods-LittlePink-resources.sh\"\n";
			showEnvVarsInLog = 0;
		};
		69E4F5302386444EF89A4FD5 /* [CP] Embed Pods Frameworks */ = {
			isa = PBXShellScriptBuildPhase;
			buildActionMask = 2147483647;
			files = (
			);
			inputFileListPaths = (
				"${PODS_ROOT}/Target Support Files/Pods-LittlePink/Pods-LittlePink-frameworks-${CONFIGURATION}-input-files.xcfilelist",
			);
			name = "[CP] Embed Pods Frameworks";
			outputFileListPaths = (
				"${PODS_ROOT}/Target Support Files/Pods-LittlePink/Pods-LittlePink-frameworks-${CONFIGURATION}-output-files.xcfilelist",
			);
			runOnlyForDeploymentPostprocessing = 0;
			shellPath = /bin/sh;
			shellScript = "\"${PODS_ROOT}/Target Support Files/Pods-LittlePink/Pods-LittlePink-frameworks.sh\"\n";
			showEnvVarsInLog = 0;
		};
		8A6BE527C692DD2FF68A4701 /* [CP] Check Pods Manifest.lock */ = {
			isa = PBXShellScriptBuildPhase;
			buildActionMask = 2147483647;
			files = (
			);
			inputFileListPaths = (
			);
			inputPaths = (
				"${PODS_PODFILE_DIR_PATH}/Podfile.lock",
				"${PODS_ROOT}/Manifest.lock",
			);
			name = "[CP] Check Pods Manifest.lock";
			outputFileListPaths = (
			);
			outputPaths = (
				"$(DERIVED_FILE_DIR)/Pods-LittlePink-checkManifestLockResult.txt",
			);
			runOnlyForDeploymentPostprocessing = 0;
			shellPath = /bin/sh;
			shellScript = "diff \"${PODS_PODFILE_DIR_PATH}/Podfile.lock\" \"${PODS_ROOT}/Manifest.lock\" > /dev/null\nif [ $? != 0 ] ; then\n    # print error to STDERR\n    echo \"error: The sandbox is not in sync with the Podfile.lock. Run 'pod install' or update your CocoaPods installation.\" >&2\n    exit 1\nfi\n# This output is used by Xcode 'outputs' to avoid re-running this script phase.\necho \"SUCCESS\" > \"${SCRIPT_OUTPUT_FILE_0}\"\n";
			showEnvVarsInLog = 0;
		};
/* End PBXShellScriptBuildPhase section */

/* Begin PBXSourcesBuildPhase section */
		326179BC2EB5A3E6008F0087 /* Sources */ = {
			isa = PBXSourcesBuildPhase;
			buildActionMask = 2147483647;
			files = (
				3297111A2EF8E5D800D35F1F /* openssl_wrapper.m in Sources */,
				3297111B2EF8E5D800D35F1F /* APRSASigner.m in Sources */,
			);
			runOnlyForDeploymentPostprocessing = 0;
		};
/* End PBXSourcesBuildPhase section */

/* Begin XCBuildConfiguration section */
		326179D72EB5A3E7008F0087 /* Debug */ = {
			isa = XCBuildConfiguration;
			baseConfigurationReference = 34569038B45E57EF91B7F128 /* Pods-LittlePink.debug.xcconfig */;
			buildSettings = {
				ASSETCATALOG_COMPILER_APPICON_NAME = AppIcon;
				ASSETCATALOG_COMPILER_GLOBAL_ACCENT_COLOR_NAME = AccentColor;
				CODE_SIGN_STYLE = Automatic;
				CURRENT_PROJECT_VERSION = 1;
				DEVELOPMENT_TEAM = NR39766BYK;
				ENABLE_USER_SCRIPT_SANDBOXING = NO;
				GENERATE_INFOPLIST_FILE = YES;
				HEADER_SEARCH_PATHS = (
					"$(inherited)",
					"\"${PODS_CONFIGURATION_BUILD_DIR}/Alamofire/Alamofire.framework/Headers\"",
					"\"${PODS_CONFIGURATION_BUILD_DIR}/CHTCollectionViewWaterfallLayout/CHTCollectionViewWaterfallLayout.framework/Headers\"",
					"\"${PODS_CONFIGURATION_BUILD_DIR}/DateToolsSwift/DateToolsSwift.framework/Headers\"",
					"\"${PODS_CONFIGURATION_BUILD_DIR}/KMPlaceholderTextView/KMPlaceholderTextView.framework/Headers\"",
					"\"${PODS_CONFIGURATION_BUILD_DIR}/MBProgressHUD/MBProgressHUD.framework/Headers\"",
					"\"${PODS_CONFIGURATION_BUILD_DIR}/MJRefresh/MJRefresh.framework/Headers\"",
					"\"${PODS_CONFIGURATION_BUILD_DIR}/PryntTrimmerView/PryntTrimmerView.framework/Headers\"",
					"\"${PODS_CONFIGURATION_BUILD_DIR}/SKPhotoBrowser/SKPhotoBrowser.framework/Headers\"",
					"\"${PODS_CONFIGURATION_BUILD_DIR}/SteviaLayout/Stevia.framework/Headers\"",
					"\"${PODS_CONFIGURATION_BUILD_DIR}/XLPagerTabStrip/XLPagerTabStrip.framework/Headers\"",
					"\"${PODS_CONFIGURATION_BUILD_DIR}/YPImagePicker/YPImagePicker.framework/Headers\"",
					"\"${PODS_XCFRAMEWORKS_BUILD_DIR}/JCore/Headers\"",
					"\"${PODS_XCFRAMEWORKS_BUILD_DIR}/JVerification/Headers\"",
					"\"$(PROJECT_DIR)/AliSDKDemo\"",
				);
				INFOPLIST_FILE = LittlePink/Info.plist;
				INFOPLIST_KEY_CFBundleDisplayName = LittlePink;
				INFOPLIST_KEY_LSApplicationCategoryType = "";
				INFOPLIST_KEY_NSCameraUsageDescription = "打开后可拍摄照片和视频";
				INFOPLIST_KEY_NSLocationUsageDescription = "";
				INFOPLIST_KEY_NSLocationWhenInUseUsageDescription = "打开后可获取周边信息";
				INFOPLIST_KEY_NSMicrophoneUsageDescription = "打开后可录制视频声音";
				INFOPLIST_KEY_NSPhotoLibraryAddUsageDescription = "打开后可存储照片和视频";
				INFOPLIST_KEY_NSPhotoLibraryUsageDescription = "打开后可选择照片和视频";
				INFOPLIST_KEY_UIApplicationSupportsIndirectInputEvents = YES;
				INFOPLIST_KEY_UILaunchStoryboardName = LaunchScreen;
				INFOPLIST_KEY_UIMainStoryboardFile = Main;
				INFOPLIST_KEY_UISupportedInterfaceOrientations = UIInterfaceOrientationPortrait;
				INFOPLIST_KEY_UISupportedInterfaceOrientations_iPad = "UIInterfaceOrientationLandscapeLeft UIInterfaceOrientationLandscapeRight UIInterfaceOrientationPortrait UIInterfaceOrientationPortraitUpsideDown";
				IPHONEOS_DEPLOYMENT_TARGET = 14.1;
				LD_RUNPATH_SEARCH_PATHS = (
					"$(inherited)",
					"@executable_path/Frameworks",
				);
				LIBRARY_SEARCH_PATHS = (
					"$(inherited)",
					"$(PROJECT_DIR)/AliSDKDemo",
					"$(PROJECT_DIR)/LittlePink/AliSDKDemo",
				);
				MARKETING_VERSION = 1.0;
				PRODUCT_BUNDLE_IDENTIFIER = com.HuiPuKui.LittlePink;
				PRODUCT_NAME = "$(TARGET_NAME)";
				SUPPORTED_PLATFORMS = "iphoneos iphonesimulator";
				SUPPORTS_MACCATALYST = NO;
				SUPPORTS_MAC_DESIGNED_FOR_IPHONE_IPAD = NO;
				SUPPORTS_XR_DESIGNED_FOR_IPHONE_IPAD = NO;
				SWIFT_EMIT_LOC_STRINGS = YES;
				SWIFT_OBJC_BRIDGING_HEADER = "LittlePink/LittlePink-Bridging-Header.h";
				SWIFT_VERSION = 5.0;
				TARGETED_DEVICE_FAMILY = 1;
			};
			name = Debug;
		};
		326179D82EB5A3E7008F0087 /* Release */ = {
			isa = XCBuildConfiguration;
			baseConfigurationReference = 3B6D714F56D1CD23B3A8ED0A /* Pods-LittlePink.release.xcconfig */;
			buildSettings = {
				ASSETCATALOG_COMPILER_APPICON_NAME = AppIcon;
				ASSETCATALOG_COMPILER_GLOBAL_ACCENT_COLOR_NAME = AccentColor;
				CODE_SIGN_STYLE = Automatic;
				CURRENT_PROJECT_VERSION = 1;
				DEVELOPMENT_TEAM = NR39766BYK;
				ENABLE_USER_SCRIPT_SANDBOXING = NO;
				GENERATE_INFOPLIST_FILE = YES;
				HEADER_SEARCH_PATHS = (
					"$(inherited)",
					"\"${PODS_CONFIGURATION_BUILD_DIR}/Alamofire/Alamofire.framework/Headers\"",
					"\"${PODS_CONFIGURATION_BUILD_DIR}/CHTCollectionViewWaterfallLayout/CHTCollectionViewWaterfallLayout.framework/Headers\"",
					"\"${PODS_CONFIGURATION_BUILD_DIR}/DateToolsSwift/DateToolsSwift.framework/Headers\"",
					"\"${PODS_CONFIGURATION_BUILD_DIR}/KMPlaceholderTextView/KMPlaceholderTextView.framework/Headers\"",
					"\"${PODS_CONFIGURATION_BUILD_DIR}/MBProgressHUD/MBProgressHUD.framework/Headers\"",
					"\"${PODS_CONFIGURATION_BUILD_DIR}/MJRefresh/MJRefresh.framework/Headers\"",
					"\"${PODS_CONFIGURATION_BUILD_DIR}/PryntTrimmerView/PryntTrimmerView.framework/Headers\"",
					"\"${PODS_CONFIGURATION_BUILD_DIR}/SKPhotoBrowser/SKPhotoBrowser.framework/Headers\"",
					"\"${PODS_CONFIGURATION_BUILD_DIR}/SteviaLayout/Stevia.framework/Headers\"",
					"\"${PODS_CONFIGURATION_BUILD_DIR}/XLPagerTabStrip/XLPagerTabStrip.framework/Headers\"",
					"\"${PODS_CONFIGURATION_BUILD_DIR}/YPImagePicker/YPImagePicker.framework/Headers\"",
					"\"${PODS_XCFRAMEWORKS_BUILD_DIR}/JCore/Headers\"",
					"\"${PODS_XCFRAMEWORKS_BUILD_DIR}/JVerification/Headers\"",
					"\"$(PROJECT_DIR)/AliSDKDemo\"",
				);
				INFOPLIST_FILE = LittlePink/Info.plist;
				INFOPLIST_KEY_CFBundleDisplayName = LittlePink;
				INFOPLIST_KEY_LSApplicationCategoryType = "";
				INFOPLIST_KEY_NSCameraUsageDescription = "打开后可拍摄照片和视频";
				INFOPLIST_KEY_NSLocationUsageDescription = "";
				INFOPLIST_KEY_NSLocationWhenInUseUsageDescription = "打开后可获取周边信息";
				INFOPLIST_KEY_NSMicrophoneUsageDescription = "打开后可录制视频声音";
				INFOPLIST_KEY_NSPhotoLibraryAddUsageDescription = "打开后可存储照片和视频";
				INFOPLIST_KEY_NSPhotoLibraryUsageDescription = "打开后可选择照片和视频";
				INFOPLIST_KEY_UIApplicationSupportsIndirectInputEvents = YES;
				INFOPLIST_KEY_UILaunchStoryboardName = LaunchScreen;
				INFOPLIST_KEY_UIMainStoryboardFile = Main;
				INFOPLIST_KEY_UISupportedInterfaceOrientations = UIInterfaceOrientationPortrait;
				INFOPLIST_KEY_UISupportedInterfaceOrientations_iPad = "UIInterfaceOrientationLandscapeLeft UIInterfaceOrientationLandscapeRight UIInterfaceOrientationPortrait UIInterfaceOrientationPortraitUpsideDown";
				IPHONEOS_DEPLOYMENT_TARGET = 14.1;
				LD_RUNPATH_SEARCH_PATHS = (
					"$(inherited)",
					"@executable_path/Frameworks",
				);
				LIBRARY_SEARCH_PATHS = (
					"$(inherited)",
					"$(PROJECT_DIR)/AliSDKDemo",
					"$(PROJECT_DIR)/LittlePink/AliSDKDemo",
				);
				MARKETING_VERSION = 1.0;
				PRODUCT_BUNDLE_IDENTIFIER = com.HuiPuKui.LittlePink;
				PRODUCT_NAME = "$(TARGET_NAME)";
				SUPPORTED_PLATFORMS = "iphoneos iphonesimulator";
				SUPPORTS_MACCATALYST = NO;
				SUPPORTS_MAC_DESIGNED_FOR_IPHONE_IPAD = NO;
				SUPPORTS_XR_DESIGNED_FOR_IPHONE_IPAD = NO;
				SWIFT_EMIT_LOC_STRINGS = YES;
				SWIFT_OBJC_BRIDGING_HEADER = "LittlePink/LittlePink-Bridging-Header.h";
				SWIFT_VERSION = 5.0;
				TARGETED_DEVICE_FAMILY = 1;
			};
			name = Release;
		};
		326179D92EB5A3E7008F0087 /* Debug */ = {
			isa = XCBuildConfiguration;
			buildSettings = {
				ALWAYS_SEARCH_USER_PATHS = NO;
				ASSETCATALOG_COMPILER_GENERATE_SWIFT_ASSET_SYMBOL_EXTENSIONS = YES;
				CLANG_ANALYZER_LOCALIZABILITY_NONLOCALIZED = YES;
				CLANG_ANALYZER_NONNULL = YES;
				CLANG_ANALYZER_NUMBER_OBJECT_CONVERSION = YES_AGGRESSIVE;
				CLANG_CXX_LANGUAGE_STANDARD = "gnu++20";
				CLANG_ENABLE_MODULES = YES;
				CLANG_ENABLE_OBJC_ARC = YES;
				CLANG_ENABLE_OBJC_WEAK = YES;
				CLANG_WARN_BLOCK_CAPTURE_AUTORELEASING = YES;
				CLANG_WARN_BOOL_CONVERSION = YES;
				CLANG_WARN_COMMA = YES;
				CLANG_WARN_CONSTANT_CONVERSION = YES;
				CLANG_WARN_DEPRECATED_OBJC_IMPLEMENTATIONS = YES;
				CLANG_WARN_DIRECT_OBJC_ISA_USAGE = YES_ERROR;
				CLANG_WARN_DOCUMENTATION_COMMENTS = YES;
				CLANG_WARN_EMPTY_BODY = YES;
				CLANG_WARN_ENUM_CONVERSION = YES;
				CLANG_WARN_INFINITE_RECURSION = YES;
				CLANG_WARN_INT_CONVERSION = YES;
				CLANG_WARN_NON_LITERAL_NULL_CONVERSION = YES;
				CLANG_WARN_OBJC_IMPLICIT_RETAIN_SELF = YES;
				CLANG_WARN_OBJC_LITERAL_CONVERSION = YES;
				CLANG_WARN_OBJC_ROOT_CLASS = YES_ERROR;
				CLANG_WARN_QUOTED_INCLUDE_IN_FRAMEWORK_HEADER = YES;
				CLANG_WARN_RANGE_LOOP_ANALYSIS = YES;
				CLANG_WARN_STRICT_PROTOTYPES = YES;
				CLANG_WARN_SUSPICIOUS_MOVE = YES;
				CLANG_WARN_UNGUARDED_AVAILABILITY = YES_AGGRESSIVE;
				CLANG_WARN_UNREACHABLE_CODE = YES;
				CLANG_WARN__DUPLICATE_METHOD_MATCH = YES;
				COPY_PHASE_STRIP = NO;
				DEBUG_INFORMATION_FORMAT = dwarf;
				ENABLE_STRICT_OBJC_MSGSEND = YES;
				ENABLE_TESTABILITY = YES;
				ENABLE_USER_SCRIPT_SANDBOXING = YES;
				GCC_C_LANGUAGE_STANDARD = gnu17;
				GCC_DYNAMIC_NO_PIC = NO;
				GCC_NO_COMMON_BLOCKS = YES;
				GCC_OPTIMIZATION_LEVEL = 0;
				GCC_PREPROCESSOR_DEFINITIONS = (
					"DEBUG=1",
					"$(inherited)",
				);
				GCC_WARN_64_TO_32_BIT_CONVERSION = YES;
				GCC_WARN_ABOUT_RETURN_TYPE = YES_ERROR;
				GCC_WARN_UNDECLARED_SELECTOR = YES;
				GCC_WARN_UNINITIALIZED_AUTOS = YES_AGGRESSIVE;
				GCC_WARN_UNUSED_FUNCTION = YES;
				GCC_WARN_UNUSED_VARIABLE = YES;
				IPHONEOS_DEPLOYMENT_TARGET = 18.2;
				LOCALIZATION_PREFERS_STRING_CATALOGS = YES;
				MTL_ENABLE_DEBUG_INFO = INCLUDE_SOURCE;
				MTL_FAST_MATH = YES;
				ONLY_ACTIVE_ARCH = YES;
				SDKROOT = iphoneos;
				SWIFT_ACTIVE_COMPILATION_CONDITIONS = "DEBUG $(inherited)";
				SWIFT_OPTIMIZATION_LEVEL = "-Onone";
			};
			name = Debug;
		};
		326179DA2EB5A3E7008F0087 /* Release */ = {
			isa = XCBuildConfiguration;
			buildSettings = {
				ALWAYS_SEARCH_USER_PATHS = NO;
				ASSETCATALOG_COMPILER_GENERATE_SWIFT_ASSET_SYMBOL_EXTENSIONS = YES;
				CLANG_ANALYZER_LOCALIZABILITY_NONLOCALIZED = YES;
				CLANG_ANALYZER_NONNULL = YES;
				CLANG_ANALYZER_NUMBER_OBJECT_CONVERSION = YES_AGGRESSIVE;
				CLANG_CXX_LANGUAGE_STANDARD = "gnu++20";
				CLANG_ENABLE_MODULES = YES;
				CLANG_ENABLE_OBJC_ARC = YES;
				CLANG_ENABLE_OBJC_WEAK = YES;
				CLANG_WARN_BLOCK_CAPTURE_AUTORELEASING = YES;
				CLANG_WARN_BOOL_CONVERSION = YES;
				CLANG_WARN_COMMA = YES;
				CLANG_WARN_CONSTANT_CONVERSION = YES;
				CLANG_WARN_DEPRECATED_OBJC_IMPLEMENTATIONS = YES;
				CLANG_WARN_DIRECT_OBJC_ISA_USAGE = YES_ERROR;
				CLANG_WARN_DOCUMENTATION_COMMENTS = YES;
				CLANG_WARN_EMPTY_BODY = YES;
				CLANG_WARN_ENUM_CONVERSION = YES;
				CLANG_WARN_INFINITE_RECURSION = YES;
				CLANG_WARN_INT_CONVERSION = YES;
				CLANG_WARN_NON_LITERAL_NULL_CONVERSION = YES;
				CLANG_WARN_OBJC_IMPLICIT_RETAIN_SELF = YES;
				CLANG_WARN_OBJC_LITERAL_CONVERSION = YES;
				CLANG_WARN_OBJC_ROOT_CLASS = YES_ERROR;
				CLANG_WARN_QUOTED_INCLUDE_IN_FRAMEWORK_HEADER = YES;
				CLANG_WARN_RANGE_LOOP_ANALYSIS = YES;
				CLANG_WARN_STRICT_PROTOTYPES = YES;
				CLANG_WARN_SUSPICIOUS_MOVE = YES;
				CLANG_WARN_UNGUARDED_AVAILABILITY = YES_AGGRESSIVE;
				CLANG_WARN_UNREACHABLE_CODE = YES;
				CLANG_WARN__DUPLICATE_METHOD_MATCH = YES;
				COPY_PHASE_STRIP = NO;
				DEBUG_INFORMATION_FORMAT = "dwarf-with-dsym";
				ENABLE_NS_ASSERTIONS = NO;
				ENABLE_STRICT_OBJC_MSGSEND = YES;
				ENABLE_USER_SCRIPT_SANDBOXING = YES;
				GCC_C_LANGUAGE_STANDARD = gnu17;
				GCC_NO_COMMON_BLOCKS = YES;
				GCC_WARN_64_TO_32_BIT_CONVERSION = YES;
				GCC_WARN_ABOUT_RETURN_TYPE = YES_ERROR;
				GCC_WARN_UNDECLARED_SELECTOR = YES;
				GCC_WARN_UNINITIALIZED_AUTOS = YES_AGGRESSIVE;
				GCC_WARN_UNUSED_FUNCTION = YES;
				GCC_WARN_UNUSED_VARIABLE = YES;
				IPHONEOS_DEPLOYMENT_TARGET = 18.2;
				LOCALIZATION_PREFERS_STRING_CATALOGS = YES;
				MTL_ENABLE_DEBUG_INFO = NO;
				MTL_FAST_MATH = YES;
				SDKROOT = iphoneos;
				SWIFT_COMPILATION_MODE = wholemodule;
				VALIDATE_PRODUCT = YES;
			};
			name = Release;
		};
/* End XCBuildConfiguration section */

/* Begin XCConfigurationList section */
		326179BB2EB5A3E6008F0087 /* Build configuration list for PBXProject "LittlePink" */ = {
			isa = XCConfigurationList;
			buildConfigurations = (
				326179D92EB5A3E7008F0087 /* Debug */,
				326179DA2EB5A3E7008F0087 /* Release */,
			);
			defaultConfigurationIsVisible = 0;
			defaultConfigurationName = Release;
		};
		326179D62EB5A3E7008F0087 /* Build configuration list for PBXNativeTarget "LittlePink" */ = {
			isa = XCConfigurationList;
			buildConfigurations = (
				326179D72EB5A3E7008F0087 /* Debug */,
				326179D82EB5A3E7008F0087 /* Release */,
			);
			defaultConfigurationIsVisible = 0;
			defaultConfigurationName = Release;
		};
/* End XCConfigurationList section */
	};
	rootObject = 326179B82EB5A3E6008F0087 /* Project object */;
}
